// !$*UTF8*$!
{
	archiveVersion = 1;
	classes = {
	};
	objectVersion = 46;
	objects = {

/* Begin PBXBuildFile section */
		6B840C411444D234007F8C64 /* Foundation.framework in Frameworks */ = {isa = PBXBuildFile; fileRef = 6B840C401444D234007F8C64 /* Foundation.framework */; };
		6B840C431444D234007F8C64 /* UIKit.framework in Frameworks */ = {isa = PBXBuildFile; fileRef = 6B840C421444D234007F8C64 /* UIKit.framework */; };
		6B840C451444D234007F8C64 /* CoreGraphics.framework in Frameworks */ = {isa = PBXBuildFile; fileRef = 6B840C441444D234007F8C64 /* CoreGraphics.framework */; };
		6B840C471444D234007F8C64 /* AddressBook.framework in Frameworks */ = {isa = PBXBuildFile; fileRef = 6B840C461444D234007F8C64 /* AddressBook.framework */; };
		6B840C491444D234007F8C64 /* AddressBookUI.framework in Frameworks */ = {isa = PBXBuildFile; fileRef = 6B840C481444D234007F8C64 /* AddressBookUI.framework */; };
		6B840C4B1444D234007F8C64 /* AudioToolbox.framework in Frameworks */ = {isa = PBXBuildFile; fileRef = 6B840C4A1444D234007F8C64 /* AudioToolbox.framework */; };
		6B840C4D1444D234007F8C64 /* AVFoundation.framework in Frameworks */ = {isa = PBXBuildFile; fileRef = 6B840C4C1444D234007F8C64 /* AVFoundation.framework */; };
		6B840C4F1444D234007F8C64 /* CoreLocation.framework in Frameworks */ = {isa = PBXBuildFile; fileRef = 6B840C4E1444D234007F8C64 /* CoreLocation.framework */; };
		6B840C511444D234007F8C64 /* MediaPlayer.framework in Frameworks */ = {isa = PBXBuildFile; fileRef = 6B840C501444D234007F8C64 /* MediaPlayer.framework */; };
		6B840C531444D234007F8C64 /* QuartzCore.framework in Frameworks */ = {isa = PBXBuildFile; fileRef = 6B840C521444D234007F8C64 /* QuartzCore.framework */; };
		6B840C551444D234007F8C64 /* SystemConfiguration.framework in Frameworks */ = {isa = PBXBuildFile; fileRef = 6B840C541444D234007F8C64 /* SystemConfiguration.framework */; };
		6B840C571444D234007F8C64 /* MobileCoreServices.framework in Frameworks */ = {isa = PBXBuildFile; fileRef = 6B840C561444D234007F8C64 /* MobileCoreServices.framework */; };
		6B840C591444D234007F8C64 /* CoreMedia.framework in Frameworks */ = {isa = PBXBuildFile; fileRef = 6B840C581444D234007F8C64 /* CoreMedia.framework */; };
		6B840C5F1444D234007F8C64 /* InfoPlist.strings in Resources */ = {isa = PBXBuildFile; fileRef = 6B840C5D1444D234007F8C64 /* InfoPlist.strings */; };
		6B840C611444D234007F8C64 /* main.m in Sources */ = {isa = PBXBuildFile; fileRef = 6B840C601444D234007F8C64 /* main.m */; };
		6B840C641444D234007F8C64 /* PhoneGap.framework in Frameworks */ = {isa = PBXBuildFile; fileRef = 6B840C631444D234007F8C64 /* PhoneGap.framework */; };
		6B840C691444D234007F8C64 /* Localizable.strings in Resources */ = {isa = PBXBuildFile; fileRef = 6B840C671444D234007F8C64 /* Localizable.strings */; };
		6B840C6D1444D234007F8C64 /* Localizable.strings in Resources */ = {isa = PBXBuildFile; fileRef = 6B840C6B1444D234007F8C64 /* Localizable.strings */; };
		6B840C701444D234007F8C64 /* icon.png in Resources */ = {isa = PBXBuildFile; fileRef = 6B840C6F1444D234007F8C64 /* icon.png */; };
		6B840C721444D234007F8C64 /* icon@2x.png in Resources */ = {isa = PBXBuildFile; fileRef = 6B840C711444D234007F8C64 /* icon@2x.png */; };
		6B840C741444D234007F8C64 /* icon-72.png in Resources */ = {isa = PBXBuildFile; fileRef = 6B840C731444D234007F8C64 /* icon-72.png */; };
		6B840C771444D234007F8C64 /* Default.png in Resources */ = {isa = PBXBuildFile; fileRef = 6B840C761444D234007F8C64 /* Default.png */; };
		6B840C791444D234007F8C64 /* Default@2x.png in Resources */ = {isa = PBXBuildFile; fileRef = 6B840C781444D234007F8C64 /* Default@2x.png */; };
		6B840C7B1444D234007F8C64 /* Capture.bundle in Resources */ = {isa = PBXBuildFile; fileRef = 6B840C7A1444D234007F8C64 /* Capture.bundle */; };
		6B840C7D1444D234007F8C64 /* PhoneGap.plist in Resources */ = {isa = PBXBuildFile; fileRef = 6B840C7C1444D234007F8C64 /* PhoneGap.plist */; };
		6B840C811444D234007F8C64 /* AppDelegate.m in Sources */ = {isa = PBXBuildFile; fileRef = 6B840C801444D234007F8C64 /* AppDelegate.m */; };
		6B840C8A1444D50F007F8C64 /* www in Resources */ = {isa = PBXBuildFile; fileRef = 6B840C891444D50F007F8C64 /* www */; };
/* End PBXBuildFile section */

/* Begin PBXFileReference section */
		6B840C3C1444D234007F8C64 /* PhoneGap1.app */ = {isa = PBXFileReference; explicitFileType = wrapper.application; includeInIndex = 0; path = PhoneGap1.app; sourceTree = BUILT_PRODUCTS_DIR; };
		6B840C401444D234007F8C64 /* Foundation.framework */ = {isa = PBXFileReference; lastKnownFileType = wrapper.framework; name = Foundation.framework; path = System/Library/Frameworks/Foundation.framework; sourceTree = SDKROOT; };
		6B840C421444D234007F8C64 /* UIKit.framework */ = {isa = PBXFileReference; lastKnownFileType = wrapper.framework; name = UIKit.framework; path = System/Library/Frameworks/UIKit.framework; sourceTree = SDKROOT; };
		6B840C441444D234007F8C64 /* CoreGraphics.framework */ = {isa = PBXFileReference; lastKnownFileType = wrapper.framework; name = CoreGraphics.framework; path = System/Library/Frameworks/CoreGraphics.framework; sourceTree = SDKROOT; };
		6B840C461444D234007F8C64 /* AddressBook.framework */ = {isa = PBXFileReference; lastKnownFileType = wrapper.framework; name = AddressBook.framework; path = System/Library/Frameworks/AddressBook.framework; sourceTree = SDKROOT; };
		6B840C481444D234007F8C64 /* AddressBookUI.framework */ = {isa = PBXFileReference; lastKnownFileType = wrapper.framework; name = AddressBookUI.framework; path = System/Library/Frameworks/AddressBookUI.framework; sourceTree = SDKROOT; };
		6B840C4A1444D234007F8C64 /* AudioToolbox.framework */ = {isa = PBXFileReference; lastKnownFileType = wrapper.framework; name = AudioToolbox.framework; path = System/Library/Frameworks/AudioToolbox.framework; sourceTree = SDKROOT; };
		6B840C4C1444D234007F8C64 /* AVFoundation.framework */ = {isa = PBXFileReference; lastKnownFileType = wrapper.framework; name = AVFoundation.framework; path = System/Library/Frameworks/AVFoundation.framework; sourceTree = SDKROOT; };
		6B840C4E1444D234007F8C64 /* CoreLocation.framework */ = {isa = PBXFileReference; lastKnownFileType = wrapper.framework; name = CoreLocation.framework; path = System/Library/Frameworks/CoreLocation.framework; sourceTree = SDKROOT; };
		6B840C501444D234007F8C64 /* MediaPlayer.framework */ = {isa = PBXFileReference; lastKnownFileType = wrapper.framework; name = MediaPlayer.framework; path = System/Library/Frameworks/MediaPlayer.framework; sourceTree = SDKROOT; };
		6B840C521444D234007F8C64 /* QuartzCore.framework */ = {isa = PBXFileReference; lastKnownFileType = wrapper.framework; name = QuartzCore.framework; path = System/Library/Frameworks/QuartzCore.framework; sourceTree = SDKROOT; };
		6B840C541444D234007F8C64 /* SystemConfiguration.framework */ = {isa = PBXFileReference; lastKnownFileType = wrapper.framework; name = SystemConfiguration.framework; path = System/Library/Frameworks/SystemConfiguration.framework; sourceTree = SDKROOT; };
		6B840C561444D234007F8C64 /* MobileCoreServices.framework */ = {isa = PBXFileReference; lastKnownFileType = wrapper.framework; name = MobileCoreServices.framework; path = System/Library/Frameworks/MobileCoreServices.framework; sourceTree = SDKROOT; };
		6B840C581444D234007F8C64 /* CoreMedia.framework */ = {isa = PBXFileReference; lastKnownFileType = wrapper.framework; name = CoreMedia.framework; path = System/Library/Frameworks/CoreMedia.framework; sourceTree = SDKROOT; };
		6B840C5C1444D234007F8C64 /* PhoneGap1-Info.plist */ = {isa = PBXFileReference; lastKnownFileType = text.plist.xml; path = "PhoneGap1-Info.plist"; sourceTree = "<group>"; };
		6B840C5E1444D234007F8C64 /* en */ = {isa = PBXFileReference; lastKnownFileType = text.plist.strings; name = en; path = en.lproj/InfoPlist.strings; sourceTree = "<group>"; };
		6B840C601444D234007F8C64 /* main.m */ = {isa = PBXFileReference; lastKnownFileType = sourcecode.c.objc; path = main.m; sourceTree = "<group>"; };
		6B840C621444D234007F8C64 /* PhoneGap1-Prefix.pch */ = {isa = PBXFileReference; lastKnownFileType = sourcecode.c.h; path = "PhoneGap1-Prefix.pch"; sourceTree = "<group>"; };
		6B840C631444D234007F8C64 /* PhoneGap.framework */ = {isa = PBXFileReference; lastKnownFileType = wrapper.framework; name = PhoneGap.framework; path = /Users/Shared/PhoneGap/Frameworks/PhoneGap.framework; sourceTree = "<absolute>"; };
		6B840C681444D234007F8C64 /* en */ = {isa = PBXFileReference; lastKnownFileType = text.plist.strings; name = en; path = Resources/en.lproj/Localizable.strings; sourceTree = "<group>"; };
		6B840C6C1444D234007F8C64 /* es */ = {isa = PBXFileReference; lastKnownFileType = text.plist.strings; name = es; path = Resources/es.lproj/Localizable.strings; sourceTree = "<group>"; };
		6B840C6F1444D234007F8C64 /* icon.png */ = {isa = PBXFileReference; lastKnownFileType = image.png; name = icon.png; path = Resources/icons/icon.png; sourceTree = "<group>"; };
		6B840C711444D234007F8C64 /* icon@2x.png */ = {isa = PBXFileReference; lastKnownFileType = image.png; name = "icon@2x.png"; path = "Resources/icons/icon@2x.png"; sourceTree = "<group>"; };
		6B840C731444D234007F8C64 /* icon-72.png */ = {isa = PBXFileReference; lastKnownFileType = image.png; name = "icon-72.png"; path = "Resources/icons/icon-72.png"; sourceTree = "<group>"; };
		6B840C761444D234007F8C64 /* Default.png */ = {isa = PBXFileReference; lastKnownFileType = image.png; name = Default.png; path = Resources/splash/Default.png; sourceTree = "<group>"; };
		6B840C781444D234007F8C64 /* Default@2x.png */ = {isa = PBXFileReference; lastKnownFileType = image.png; name = "Default@2x.png"; path = "Resources/splash/Default@2x.png"; sourceTree = "<group>"; };
		6B840C7A1444D234007F8C64 /* Capture.bundle */ = {isa = PBXFileReference; lastKnownFileType = "wrapper.plug-in"; name = Capture.bundle; path = Resources/Capture.bundle; sourceTree = "<group>"; };
		6B840C7C1444D234007F8C64 /* PhoneGap.plist */ = {isa = PBXFileReference; lastKnownFileType = text.plist.xml; path = PhoneGap.plist; sourceTree = "<group>"; };
		6B840C7F1444D234007F8C64 /* AppDelegate.h */ = {isa = PBXFileReference; lastKnownFileType = sourcecode.c.h; name = AppDelegate.h; path = Classes/AppDelegate.h; sourceTree = "<group>"; };
		6B840C801444D234007F8C64 /* AppDelegate.m */ = {isa = PBXFileReference; lastKnownFileType = sourcecode.c.objc; name = AppDelegate.m; path = Classes/AppDelegate.m; sourceTree = "<group>"; };
		6B840C831444D234007F8C64 /* README */ = {isa = PBXFileReference; lastKnownFileType = text; name = README; path = Plugins/README; sourceTree = "<group>"; };
		6B840C891444D50F007F8C64 /* www */ = {isa = PBXFileReference; lastKnownFileType = folder; path = www; sourceTree = "<group>"; };
/* End PBXFileReference section */

/* Begin PBXFrameworksBuildPhase section */
		6B840C361444D234007F8C64 /* Frameworks */ = {
			isa = PBXFrameworksBuildPhase;
			buildActionMask = 2147483647;
			files = (
				6B840C411444D234007F8C64 /* Foundation.framework in Frameworks */,
				6B840C431444D234007F8C64 /* UIKit.framework in Frameworks */,
				6B840C451444D234007F8C64 /* CoreGraphics.framework in Frameworks */,
				6B840C471444D234007F8C64 /* AddressBook.framework in Frameworks */,
				6B840C491444D234007F8C64 /* AddressBookUI.framework in Frameworks */,
				6B840C4B1444D234007F8C64 /* AudioToolbox.framework in Frameworks */,
				6B840C4D1444D234007F8C64 /* AVFoundation.framework in Frameworks */,
				6B840C4F1444D234007F8C64 /* CoreLocation.framework in Frameworks */,
				6B840C511444D234007F8C64 /* MediaPlayer.framework in Frameworks */,
				6B840C531444D234007F8C64 /* QuartzCore.framework in Frameworks */,
				6B840C551444D234007F8C64 /* SystemConfiguration.framework in Frameworks */,
				6B840C571444D234007F8C64 /* MobileCoreServices.framework in Frameworks */,
				6B840C591444D234007F8C64 /* CoreMedia.framework in Frameworks */,
				6B840C641444D234007F8C64 /* PhoneGap.framework in Frameworks */,
			);
			runOnlyForDeploymentPostprocessing = 0;
		};
		6B840C391444D234007F8C64 /* Frameworks */ = {
			isa = PBXFrameworksBuildPhase;
			buildActionMask = 2147483647;
			files = (
			);
			runOnlyForDeploymentPostprocessing = 0;
		};
/* End PBXFrameworksBuildPhase section */

/* Begin PBXGroup section */
		6B840C2E1444D234007F8C64 = {
			isa = PBXGroup;
			children = (
				6B840C891444D50F007F8C64 /* www */,
				6B840C5A1444D234007F8C64 /* PhoneGap1 */,
				6B840C3F1444D234007F8C64 /* Frameworks */,
				6B840C3D1444D234007F8C64 /* Products */,
			);
			sourceTree = "<group>";
		};
		6B840C3D1444D234007F8C64 /* Products */ = {
			isa = PBXGroup;
			children = (
				6B840C3C1444D234007F8C64 /* PhoneGap1.app */,
			);
			name = Products;
			sourceTree = "<group>";
		};
		6B840C3F1444D234007F8C64 /* Frameworks */ = {
			isa = PBXGroup;
			children = (
				6B840C401444D234007F8C64 /* Foundation.framework */,
				6B840C421444D234007F8C64 /* UIKit.framework */,
				6B840C441444D234007F8C64 /* CoreGraphics.framework */,
				6B840C461444D234007F8C64 /* AddressBook.framework */,
				6B840C481444D234007F8C64 /* AddressBookUI.framework */,
				6B840C4A1444D234007F8C64 /* AudioToolbox.framework */,
				6B840C4C1444D234007F8C64 /* AVFoundation.framework */,
				6B840C4E1444D234007F8C64 /* CoreLocation.framework */,
				6B840C501444D234007F8C64 /* MediaPlayer.framework */,
				6B840C521444D234007F8C64 /* QuartzCore.framework */,
				6B840C541444D234007F8C64 /* SystemConfiguration.framework */,
				6B840C561444D234007F8C64 /* MobileCoreServices.framework */,
				6B840C581444D234007F8C64 /* CoreMedia.framework */,
			);
			name = Frameworks;
			sourceTree = "<group>";
		};
		6B840C5A1444D234007F8C64 /* PhoneGap1 */ = {
			isa = PBXGroup;
			children = (
				6B840C631444D234007F8C64 /* PhoneGap.framework */,
				6B840C651444D234007F8C64 /* Resources */,
				6B840C7E1444D234007F8C64 /* Classes */,
				6B840C821444D234007F8C64 /* Plugins */,
				6B840C5B1444D234007F8C64 /* Supporting Files */,
			);
			path = PhoneGap1;
			sourceTree = "<group>";
		};
		6B840C5B1444D234007F8C64 /* Supporting Files */ = {
			isa = PBXGroup;
			children = (
				6B840C5C1444D234007F8C64 /* PhoneGap1-Info.plist */,
				6B840C5D1444D234007F8C64 /* InfoPlist.strings */,
				6B840C601444D234007F8C64 /* main.m */,
				6B840C621444D234007F8C64 /* PhoneGap1-Prefix.pch */,
				6B840C7C1444D234007F8C64 /* PhoneGap.plist */,
			);
			name = "Supporting Files";
			sourceTree = "<group>";
		};
		6B840C651444D234007F8C64 /* Resources */ = {
			isa = PBXGroup;
			children = (
				6B840C7A1444D234007F8C64 /* Capture.bundle */,
				6B840C661444D234007F8C64 /* en.lproj */,
				6B840C6A1444D234007F8C64 /* es.lproj */,
				6B840C6E1444D234007F8C64 /* icons */,
				6B840C751444D234007F8C64 /* splash */,
			);
			name = Resources;
			sourceTree = "<group>";
		};
		6B840C661444D234007F8C64 /* en.lproj */ = {
			isa = PBXGroup;
			children = (
				6B840C671444D234007F8C64 /* Localizable.strings */,
			);
			name = en.lproj;
			sourceTree = "<group>";
		};
		6B840C6A1444D234007F8C64 /* es.lproj */ = {
			isa = PBXGroup;
			children = (
				6B840C6B1444D234007F8C64 /* Localizable.strings */,
			);
			name = es.lproj;
			sourceTree = "<group>";
		};
		6B840C6E1444D234007F8C64 /* icons */ = {
			isa = PBXGroup;
			children = (
				6B840C6F1444D234007F8C64 /* icon.png */,
				6B840C711444D234007F8C64 /* icon@2x.png */,
				6B840C731444D234007F8C64 /* icon-72.png */,
			);
			name = icons;
			sourceTree = "<group>";
		};
		6B840C751444D234007F8C64 /* splash */ = {
			isa = PBXGroup;
			children = (
				6B840C761444D234007F8C64 /* Default.png */,
				6B840C781444D234007F8C64 /* Default@2x.png */,
			);
			name = splash;
			sourceTree = "<group>";
		};
		6B840C7E1444D234007F8C64 /* Classes */ = {
			isa = PBXGroup;
			children = (
				6B840C7F1444D234007F8C64 /* AppDelegate.h */,
				6B840C801444D234007F8C64 /* AppDelegate.m */,
			);
			name = Classes;
			sourceTree = "<group>";
		};
		6B840C821444D234007F8C64 /* Plugins */ = {
			isa = PBXGroup;
			children = (
				6B840C831444D234007F8C64 /* README */,
			);
			name = Plugins;
			sourceTree = "<group>";
		};
/* End PBXGroup section */

/* Begin PBXNativeTarget section */
		6B840C3B1444D234007F8C64 /* PhoneGap1 */ = {
			isa = PBXNativeTarget;
			buildConfigurationList = 6B840C861444D234007F8C64 /* Build configuration list for PBXNativeTarget "PhoneGap1" */;
			buildPhases = (
				6B840C351444D234007F8C64 /* Sources */,
				6B840C361444D234007F8C64 /* Frameworks */,
				6B840C371444D234007F8C64 /* Resources */,
				6B840C381444D234007F8C64 /* Sources */,
				6B840C391444D234007F8C64 /* Frameworks */,
				6B840C3A1444D234007F8C64 /* ShellScript */,
			);
			buildRules = (
			);
			dependencies = (
			);
			name = PhoneGap1;
			productName = PhoneGap1;
			productReference = 6B840C3C1444D234007F8C64 /* PhoneGap1.app */;
			productType = "com.apple.product-type.application";
		};
/* End PBXNativeTarget section */

/* Begin PBXProject section */
		6B840C301444D234007F8C64 /* Project object */ = {
			isa = PBXProject;
			buildConfigurationList = 6B840C331444D234007F8C64 /* Build configuration list for PBXProject "PhoneGap1" */;
			compatibilityVersion = "Xcode 3.2";
			developmentRegion = English;
			hasScannedForEncodings = 0;
			knownRegions = (
				en,
				es,
			);
			mainGroup = 6B840C2E1444D234007F8C64;
			productRefGroup = 6B840C3D1444D234007F8C64 /* Products */;
			projectDirPath = "";
			projectRoot = "";
			targets = (
				6B840C3B1444D234007F8C64 /* PhoneGap1 */,
			);
		};
/* End PBXProject section */

/* Begin PBXResourcesBuildPhase section */
		6B840C371444D234007F8C64 /* Resources */ = {
			isa = PBXResourcesBuildPhase;
			buildActionMask = 2147483647;
			files = (
				6B840C5F1444D234007F8C64 /* InfoPlist.strings in Resources */,
				6B840C691444D234007F8C64 /* Localizable.strings in Resources */,
				6B840C6D1444D234007F8C64 /* Localizable.strings in Resources */,
				6B840C701444D234007F8C64 /* icon.png in Resources */,
				6B840C721444D234007F8C64 /* icon@2x.png in Resources */,
				6B840C741444D234007F8C64 /* icon-72.png in Resources */,
				6B840C771444D234007F8C64 /* Default.png in Resources */,
				6B840C791444D234007F8C64 /* Default@2x.png in Resources */,
				6B840C7B1444D234007F8C64 /* Capture.bundle in Resources */,
				6B840C7D1444D234007F8C64 /* PhoneGap.plist in Resources */,
				6B840C8A1444D50F007F8C64 /* www in Resources */,
			);
			runOnlyForDeploymentPostprocessing = 0;
		};
/* End PBXResourcesBuildPhase section */

/* Begin PBXShellScriptBuildPhase section */
		6B840C3A1444D234007F8C64 /* ShellScript */ = {
			isa = PBXShellScriptBuildPhase;
			buildActionMask = 2147483647;
			files = (
			);
			inputPaths = (
			);
			outputPaths = (
			);
			runOnlyForDeploymentPostprocessing = 0;
			shellPath = /bin/bash;
			shellScript = "\n\t\t\t\t\t\t\t\tif [ ! -d \"$PROJECT_DIR/www\" ] ; then\n\t\t\t\t\t\t\t\t\tcp -R /Users/Shared/PhoneGap/Frameworks/PhoneGap.framework/www \"$PROJECT_DIR\"\n\t\t\t\t\t\t\t\tfi\n\t\t\t\t\t\t\t\t# detect www folder reference in project, if missing, print warning\n\t\t\t\t\t\t\t\tgrep \"{isa = PBXFileReference; lastKnownFileType = folder; path = www; sourceTree = \\\"<group>\\\"; };\" \"$PROJECT_DIR/$PROJECT_NAME.xcodeproj/project.pbxproj\"\n\t\t\t\t\t\t\t\trc=$? \n\t\t\t\t\t\t\t\tif [ $rc != 0 ] ; then\n\t\t\t\t\t\t\t\techo -e \"warning: Missing - Add $PROJECT_DIR/www as a folder reference in your project. Just drag and drop the folder into your project, into the Project Navigator of Xcode 4. Make sure you select the second radio-button: 'Create folder references for any added folders' (which will create a blue folder)\" 1>&2\n\t\t\t\t\t\t\t\tfi\t\t\t\t\t\t\t";
		};
/* End PBXShellScriptBuildPhase section */

/* Begin PBXSourcesBuildPhase section */
		6B840C351444D234007F8C64 /* Sources */ = {
			isa = PBXSourcesBuildPhase;
			buildActionMask = 2147483647;
			files = (
				6B840C611444D234007F8C64 /* main.m in Sources */,
				6B840C811444D234007F8C64 /* AppDelegate.m in Sources */,
			);
			runOnlyForDeploymentPostprocessing = 0;
		};
		6B840C381444D234007F8C64 /* Sources */ = {
			isa = PBXSourcesBuildPhase;
			buildActionMask = 2147483647;
			files = (
			);
			runOnlyForDeploymentPostprocessing = 0;
		};
/* End PBXSourcesBuildPhase section */

/* Begin PBXVariantGroup section */
		6B840C5D1444D234007F8C64 /* InfoPlist.strings */ = {
			isa = PBXVariantGroup;
			children = (
				6B840C5E1444D234007F8C64 /* en */,
			);
			name = InfoPlist.strings;
			sourceTree = "<group>";
		};
		6B840C671444D234007F8C64 /* Localizable.strings */ = {
			isa = PBXVariantGroup;
			children = (
				6B840C681444D234007F8C64 /* en */,
			);
			name = Localizable.strings;
			sourceTree = "<group>";
		};
		6B840C6B1444D234007F8C64 /* Localizable.strings */ = {
			isa = PBXVariantGroup;
			children = (
				6B840C6C1444D234007F8C64 /* es */,
			);
			name = Localizable.strings;
			sourceTree = "<group>";
		};
/* End PBXVariantGroup section */

/* Begin XCBuildConfiguration section */
		6B840C841444D234007F8C64 /* Debug */ = {
			isa = XCBuildConfiguration;
			buildSettings = {
				ALWAYS_SEARCH_USER_PATHS = NO;
				ARCHS = "$(ARCHS_STANDARD_32_BIT)";
				"CODE_SIGN_IDENTITY[sdk=iphoneos*]" = "iPhone Developer";
				COPY_PHASE_STRIP = NO;
				GCC_C_LANGUAGE_STANDARD = gnu99;
				GCC_DYNAMIC_NO_PIC = NO;
				GCC_OPTIMIZATION_LEVEL = 0;
				GCC_PREPROCESSOR_DEFINITIONS = (
					"DEBUG=1",
					"$(inherited)",
				);
				GCC_SYMBOLS_PRIVATE_EXTERN = NO;
				GCC_VERSION = com.apple.compilers.llvmgcc42;
				GCC_WARN_ABOUT_MISSING_PROTOTYPES = YES;
				GCC_WARN_ABOUT_RETURN_TYPE = YES;
				GCC_WARN_UNUSED_VARIABLE = YES;
				IPHONEOS_DEPLOYMENT_TARGET = 3.0;
				SDKROOT = iphoneos;
			};
			name = Debug;
		};
		6B840C851444D234007F8C64 /* Release */ = {
			isa = XCBuildConfiguration;
			buildSettings = {
				ALWAYS_SEARCH_USER_PATHS = NO;
				ARCHS = "$(ARCHS_STANDARD_32_BIT)";
				"CODE_SIGN_IDENTITY[sdk=iphoneos*]" = "iPhone Developer";
				COPY_PHASE_STRIP = YES;
				GCC_C_LANGUAGE_STANDARD = gnu99;
				GCC_VERSION = com.apple.compilers.llvmgcc42;
				GCC_WARN_ABOUT_MISSING_PROTOTYPES = YES;
				GCC_WARN_ABOUT_RETURN_TYPE = YES;
				GCC_WARN_UNUSED_VARIABLE = YES;
				IPHONEOS_DEPLOYMENT_TARGET = 3.0;
				SDKROOT = iphoneos;
				VALIDATE_PRODUCT = YES;
			};
			name = Release;
		};
		6B840C871444D234007F8C64 /* Debug */ = {
			isa = XCBuildConfiguration;
			buildSettings = {
				ALWAYS_SEARCH_USER_PATHS = YES;
				COPY_PHASE_STRIP = NO;
				FRAMEWORK_SEARCH_PATHS = /Users/Shared/PhoneGap/Frameworks;
				GCC_DYNAMIC_NO_PIC = NO;
				GCC_PRECOMPILE_PREFIX_HEADER = YES;
				GCC_PREFIX_HEADER = "PhoneGap1/PhoneGap1-Prefix.pch";
				GCC_PREPROCESSOR_DEFINITIONS = "PHONEGAP_FRAMEWORK=YES";
				INFOPLIST_FILE = "PhoneGap1/PhoneGap1-Info.plist";
				IPHONEOS_DEPLOYMENT_TARGET = 4.3;
				OTHER_LDFLAGS = (
					"-weak_framework",
					UIKit,
					"-weak_framework",
					AVFoundation,
					"-weak_framework",
					CoreMedia,
					"-weak_library",
					/usr/lib/libSystem.B.dylib,
				);
				PRODUCT_NAME = "$(TARGET_NAME)";
				TARGETED_DEVICE_FAMILY = 2;
				WRAPPER_EXTENSION = app;
			};
			name = Debug;
		};
		6B840C881444D234007F8C64 /* Release */ = {
			isa = XCBuildConfiguration;
			buildSettings = {
				ALWAYS_SEARCH_USER_PATHS = YES;
				COPY_PHASE_STRIP = YES;
				DEBUG_INFORMATION_FORMAT = "dwarf-with-dsym";
				FRAMEWORK_SEARCH_PATHS = /Users/Shared/PhoneGap/Frameworks;
				GCC_PRECOMPILE_PREFIX_HEADER = YES;
				GCC_PREFIX_HEADER = "PhoneGap1/PhoneGap1-Prefix.pch";
				GCC_PREPROCESSOR_DEFINITIONS = "PHONEGAP_FRAMEWORK=YES";
				INFOPLIST_FILE = "PhoneGap1/PhoneGap1-Info.plist";
				IPHONEOS_DEPLOYMENT_TARGET = 4.3;
				OTHER_LDFLAGS = (
					"-weak_framework",
					UIKit,
					"-weak_framework",
					AVFoundation,
					"-weak_framework",
					CoreMedia,
					"-weak_library",
					/usr/lib/libSystem.B.dylib,
				);
				PRODUCT_NAME = "$(TARGET_NAME)";
				TARGETED_DEVICE_FAMILY = 2;
				VALIDATE_PRODUCT = YES;
				WRAPPER_EXTENSION = app;
			};
			name = Release;
		};
/* End XCBuildConfiguration section */

/* Begin XCConfigurationList section */
		6B840C331444D234007F8C64 /* Build configuration list for PBXProject "PhoneGap1" */ = {
			isa = XCConfigurationList;
			buildConfigurations = (
				6B840C841444D234007F8C64 /* Debug */,
				6B840C851444D234007F8C64 /* Release */,
			);
			defaultConfigurationIsVisible = 0;
			defaultConfigurationName = Release;
		};
		6B840C861444D234007F8C64 /* Build configuration list for PBXNativeTarget "PhoneGap1" */ = {
			isa = XCConfigurationList;
			buildConfigurations = (
				6B840C871444D234007F8C64 /* Debug */,
				6B840C881444D234007F8C64 /* Release */,
			);
			defaultConfigurationIsVisible = 0;
		};
/* End XCConfigurationList section */
	};
	rootObject = 6B840C301444D234007F8C64 /* Project object */;
}
